{
  "name": "homegames-web",
  "version": "0.4.20",
  "lockfileVersion": 1,
  "requires": true,
  "dependencies": {
    "squishjs": {
      "version": "0.4.9",
      "resolved": "https://registry.npmjs.org/squishjs/-/squishjs-0.4.9.tgz",
      "integrity": "sha512-3Lugsqp/ZyjiUXHNi3CP8Dwk8D7Kk27mRxttWlhaS++YjMTPnhE/Swi1erD4PuI3R4JfChYaFW+e0ZgfRlH6Xw=="
    }
  }
}
