{
  "name": "homegames-web",
  "version": "0.4.20",
  "lockfileVersion": 1,
  "requires": true,
  "dependencies": {
    "squishjs": {
      "version": "0.6.1",
      "resolved": "https://registry.npmjs.org/squishjs/-/squishjs-0.6.1.tgz",
      "integrity": "sha512-+G7u4Q0z/WjlWoLJdFQahCMAMOYHcuFkgJKmgJJNaLVd0hOaTxQtVQSoaTgbi7sghGw3Mqi5+VF6MIShSxSBMA=="
    }
  }
}
