{
  "requires": true,
  "lockfileVersion": 1,
  "dependencies": {
    "squishjs": {
      "version": "0.4.20",
      "resolved": "https://registry.npmjs.org/squishjs/-/squishjs-0.4.20.tgz",
      "integrity": "sha512-HUDATMaPkajrIucLihN3SkuhTE+Dybs6TJ3ia0DDB9F8cixghaAMuqLBbxiqzV6g7AxOBYkLC4ZuxYBWDoG9EA=="
    }
  }
}
